
Microsoft Visual Studio Solution File, Format Version 12.00
# Visual Studio Version 16
VisualStudioVersion = 16.0.30621.155
MinimumVisualStudioVersion = 10.0.40219.1
Project("{FAE04EC0-301F-11D3-BF4B-00C04F79EFBC}") = "Zampa.WEB", "Zampa.WEB\Zampa.WEB.csproj", "{95B6870A-32F1-4A3D-A98F-A9485A2F0F55}"
EndProject
Global
	GlobalSection(SolutionConfigurationPlatforms) = preSolution
		Debug|Any CPU = Debug|Any CPU
		Release|Any CPU = Release|Any CPU
	EndGlobalSection
	GlobalSection(ProjectConfigurationPlatforms) = postSolution
		{95B6870A-32F1-4A3D-A98F-A9485A2F0F55}.Debug|Any CPU.ActiveCfg = Debug|Any CPU
		{95B6870A-32F1-4A3D-A98F-A9485A2F0F55}.Debug|Any CPU.Build.0 = Debug|Any CPU
		{95B6870A-32F1-4A3D-A98F-A9485A2F0F55}.Release|Any CPU.ActiveCfg = Release|Any CPU
		{95B6870A-32F1-4A3D-A98F-A9485A2F0F55}.Release|Any CPU.Build.0 = Release|Any CPU
	EndGlobalSection
	GlobalSection(SolutionProperties) = preSolution
		HideSolutionNode = FALSE
	EndGlobalSection
	GlobalSection(ExtensibilityGlobals) = postSolution
		SolutionGuid = {A8D53D68-0B5D-4004-9D91-AD44E1D85A52}
	EndGlobalSection
EndGlobal
